
Microsoft Visual Studio Solution File, Format Version 12.00
# Visual Studio Version 16
VisualStudioVersion = 16.0.28803.156
MinimumVisualStudioVersion = 10.0.40219.1
Project("{FAE04EC0-301F-11D3-BF4B-00C04F79EFBC}") = "HolaMundo", "HolaMundo.csproj", "{30CA4184-FC03-4843-B574-4B81C00374CD}"
EndProject
Global
	GlobalSection(SolutionConfigurationPlatforms) = preSolution
		Debug|Any CPU = Debug|Any CPU
		Release|Any CPU = Release|Any CPU
	EndGlobalSection
	GlobalSection(ProjectConfigurationPlatforms) = postSolution
		{30CA4184-FC03-4843-B574-4B81C00374CD}.Debug|Any CPU.ActiveCfg = Debug|Any CPU
		{30CA4184-FC03-4843-B574-4B81C00374CD}.Debug|Any CPU.Build.0 = Debug|Any CPU
		{30CA4184-FC03-4843-B574-4B81C00374CD}.Release|Any CPU.ActiveCfg = Release|Any CPU
		{30CA4184-FC03-4843-B574-4B81C00374CD}.Release|Any CPU.Build.0 = Release|Any CPU
	EndGlobalSection
	GlobalSection(SolutionProperties) = preSolution
		HideSolutionNode = FALSE
	EndGlobalSection
	GlobalSection(ExtensibilityGlobals) = postSolution
		SolutionGuid = {99B3AB99-4CD5-4504-9321-1755BA3747DE}
	EndGlobalSection
EndGlobal
